
Microsoft Visual Studio Solution File, Format Version 12.00
# Visual Studio 15
VisualStudioVersion = 15.0.28307.489
MinimumVisualStudioVersion = 10.0.40219.1
Project("{FAE04EC0-301F-11D3-BF4B-00C04F79EFBC}") = "DemoRESTful", "DemoRESTful\DemoRESTful.csproj", "{DE0FB389-DB16-47D3-8108-C893EEABB883}"
EndProject
Global
	GlobalSection(SolutionConfigurationPlatforms) = preSolution
		Debug|Any CPU = Debug|Any CPU
		Release|Any CPU = Release|Any CPU
	EndGlobalSection
	GlobalSection(ProjectConfigurationPlatforms) = postSolution
		{DE0FB389-DB16-47D3-8108-C893EEABB883}.Debug|Any CPU.ActiveCfg = Debug|Any CPU
		{DE0FB389-DB16-47D3-8108-C893EEABB883}.Debug|Any CPU.Build.0 = Debug|Any CPU
		{DE0FB389-DB16-47D3-8108-C893EEABB883}.Release|Any CPU.ActiveCfg = Release|Any CPU
		{DE0FB389-DB16-47D3-8108-C893EEABB883}.Release|Any CPU.Build.0 = Release|Any CPU
	EndGlobalSection
	GlobalSection(SolutionProperties) = preSolution
		HideSolutionNode = FALSE
	EndGlobalSection
	GlobalSection(ExtensibilityGlobals) = postSolution
		SolutionGuid = {FC36895D-0CE5-42D3-AD8B-AA2EAAC37366}
	EndGlobalSection
EndGlobal
